{
    "requires": true,
    "lockfileVersion": 1,
    "dependencies": {
        "@types/body-parser": {
            "version": "1.16.8",
            "resolved": "http://registry.npm.taobao.org/@types/body-parser/download/@types/body-parser-1.16.8.tgz",
            "integrity": "sha1-aH7DQUBiSjvsKxqOqSaEeK6PO+M=",
            "dev": true,
            "requires": {
                "@types/express": "4.0.39",
                "@types/node": "8.0.51"
            }
        },
        "@types/express": {
            "version": "4.0.39",
            "resolved": "http://registry.npm.taobao.org/@types/express/download/@types/express-4.0.39.tgz",
            "integrity": "sha1-FEHyHVKzO+jU+oqGXBWmqRzQ+gk=",
            "dev": true,
            "requires": {
                "@types/body-parser": "1.16.8",
                "@types/express-serve-static-core": "4.0.56",
                "@types/serve-static": "1.13.1"
            }
        },
        "@types/express-serve-static-core": {
            "version": "4.0.56",
            "resolved": "http://registry.npm.taobao.org/@types/express-serve-static-core/download/@types/express-serve-static-core-4.0.56.tgz",
            "integrity": "sha1-TtVW3P+QEszmsBbiFP3F726Z230=",
            "dev": true,
            "requires": {
                "@types/node": "8.0.51"
            }
        },
        "@types/mime": {
            "version": "2.0.0",
            "resolved": "http://registry.npm.taobao.org/@types/mime/download/@types/mime-2.0.0.tgz",
            "integrity": "sha1-WnMG42fFObn2VDSZ3o3VGfrDeos=",
            "dev": true
        },
        "@types/node": {
            "version": "8.0.51",
            "resolved": "http://registry.npm.taobao.org/@types/node/download/@types/node-8.0.51.tgz",
            "integrity": "sha1-sx1xb7jVjuuVwGigObm2KSgX1fs=",
            "dev": true
        },
        "@types/serve-static": {
            "version": "1.13.1",
            "resolved": "http://registry.npm.taobao.org/@types/serve-static/download/@types/serve-static-1.13.1.tgz",
            "integrity": "sha1-HSgB+mNdJ0zZfU7AfiayG0QSdJI=",
            "dev": true,
            "requires": {
                "@types/express-serve-static-core": "4.0.56",
                "@types/mime": "2.0.0"
            }
        }
    }
}
