# THIS IS AN AUTOGENERATED FILE. DO NOT EDIT THIS FILE DIRECTLY.
# yarn lockfile v1


"@nestjs/common@^4.2.1":
  version "4.2.1"
  resolved "http://registry.npm.taobao.org/@nestjs/common/download/@nestjs/common-4.2.1.tgz#038bae9e6cdd77630062cb5255cd2e97d04ee251"
  dependencies:
    cli-color "1.1.0"

"@nestjs/core@^4.2.1":
  version "4.2.1"
  resolved "http://registry.npm.taobao.org/@nestjs/core/download/@nestjs/core-4.2.1.tgz#7fef9608e2d092ebf4b1687736f231c284c345c2"
  dependencies:
    express "4.16.2"
    iterare "0.0.8"
    optional "0.1.4"

"@nestjs/microservices@^4.2.1":
  version "4.2.1"
  resolved "http://registry.npm.taobao.org/@nestjs/microservices/download/@nestjs/microservices-4.2.1.tgz#d46d3357371e226dfc6cf881bb891fa9834a303e"
  dependencies:
    iterare "0.0.8"
    json-socket "^0.2.1"
    optional "0.1.4"
    redis "^2.7.1"

"@nestjs/testing@^4.2.1":
  version "4.2.1"
  resolved "http://registry.npm.taobao.org/@nestjs/testing/download/@nestjs/testing-4.2.1.tgz#94283e147dbc6e5620ca896e2b06b5e2b1a1d089"

"@nestjs/websockets@^4.2.1":
  version "4.2.1"
  resolved "http://registry.npm.taobao.org/@nestjs/websockets/download/@nestjs/websockets-4.2.1.tgz#292e614d24ce51f20b75a11dcbe5fd2135d4e1d9"
  dependencies:
    iterare "0.0.8"
    socket.io "^2.0.3"

"@types/body-parser@*", "@types/body-parser@^1.16.8":
  version "1.16.8"
  resolved "http://registry.npm.taobao.org/@types/body-parser/download/@types/body-parser-1.16.8.tgz#687ec34140624a3bec2b1a8ea9268478ae8f3be3"
  dependencies:
    "@types/express" "*"
    "@types/node" "*"

"@types/express-serve-static-core@*":
  version "4.0.56"
  resolved "http://registry.npm.taobao.org/@types/express-serve-static-core/download/@types/express-serve-static-core-4.0.56.tgz#4ed556dcff9012cce6b016e214fdc5ef6e99db7d"
  dependencies:
    "@types/node" "*"

"@types/express@*":
  version "4.0.39"
  resolved "http://registry.npm.taobao.org/@types/express/download/@types/express-4.0.39.tgz#1441f21d52b33be8d4fa8a865c15a6a91cd0fa09"
  dependencies:
    "@types/body-parser" "*"
    "@types/express-serve-static-core" "*"
    "@types/serve-static" "*"

"@types/mime@*":
  version "2.0.0"
  resolved "http://registry.npm.taobao.org/@types/mime/download/@types/mime-2.0.0.tgz#5a7306e367c539b9f6543499de8dd519fac37a8b"

"@types/node@*":
  version "8.0.51"
  resolved "http://registry.npm.taobao.org/@types/node/download/@types/node-8.0.51.tgz#b31d716fb8d58eeb95c068a039b9b6292817d5fb"

"@types/passport-jwt@^3.0.0":
  version "3.0.0"
  resolved "http://registry.npm.taobao.org/@types/passport-jwt/download/@types/passport-jwt-3.0.0.tgz#8a4681282a3817d86acd07e7a5fbdc582e2747ab"
  dependencies:
    "@types/express" "*"
    "@types/passport-strategy" "*"

"@types/passport-strategy@*":
  version "0.2.32"
  resolved "http://registry.npm.taobao.org/@types/passport-strategy/download/@types/passport-strategy-0.2.32.tgz#0c1fb2e3b83621c8faf68c92f37898453ef60f71"
  dependencies:
    "@types/express" "*"
    "@types/passport" "*"

"@types/passport@*", "@types/passport@^0.4.1":
  version "0.4.1"
  resolved "http://registry.npm.taobao.org/@types/passport/download/@types/passport-0.4.1.tgz#2456399e4b115410d48735d542ae1e79309cca0c"
  dependencies:
    "@types/express" "*"

"@types/serve-static@*":
  version "1.13.1"
  resolved "http://registry.npm.taobao.org/@types/serve-static/download/@types/serve-static-1.13.1.tgz#1d2801fa635d274cd97d4ec07e26b21b44127492"
  dependencies:
    "@types/express-serve-static-core" "*"
    "@types/mime" "*"

"@types/typescript@^2.0.0":
  version "2.0.0"
  resolved "http://registry.npm.taobao.org/@types/typescript/download/@types/typescript-2.0.0.tgz#c433539c98bae28682b307eaa7a0fd2115b83c28"
  dependencies:
    typescript "*"

accepts@1.3.3:
  version "1.3.3"
  resolved "http://registry.npm.taobao.org/accepts/download/accepts-1.3.3.tgz#c3ca7434938648c3e0d9c1e328dd68b622c284ca"
  dependencies:
    mime-types "~2.1.11"
    negotiator "0.6.1"

accepts@~1.3.4:
  version "1.3.4"
  resolved "http://registry.npm.taobao.org/accepts/download/accepts-1.3.4.tgz#86246758c7dd6d21a6474ff084a4740ec05eb21f"
  dependencies:
    mime-types "~2.1.16"
    negotiator "0.6.1"

acorn-globals@^3.0.0:
  version "3.1.0"
  resolved "http://registry.npm.taobao.org/acorn-globals/download/acorn-globals-3.1.0.tgz#fd8270f71fbb4996b004fa880ee5d46573a731bf"
  dependencies:
    acorn "^4.0.4"

acorn@^3.1.0, acorn@~3.3.0:
  version "3.3.0"
  resolved "http://registry.npm.taobao.org/acorn/download/acorn-3.3.0.tgz#45e37fb39e8da3f25baee3ff5369e2bb5f22017a"

acorn@^4.0.4, acorn@~4.0.2:
  version "4.0.13"
  resolved "http://registry.npm.taobao.org/acorn/download/acorn-4.0.13.tgz#105495ae5361d697bd195c825192e1ad7f253787"

after@0.8.2:
  version "0.8.2"
  resolved "http://registry.npm.taobao.org/after/download/after-0.8.2.tgz#fedb394f9f0e02aa9768e702bda23b505fae7e1f"

align-text@^0.1.1, align-text@^0.1.3:
  version "0.1.4"
  resolved "http://registry.npm.taobao.org/align-text/download/align-text-0.1.4.tgz#0cd90a561093f35d0a99256c22b7069433fad117"
  dependencies:
    kind-of "^3.0.2"
    longest "^1.0.1"
    repeat-string "^1.5.2"

amdefine@>=0.0.4:
  version "1.0.1"
  resolved "http://registry.npm.taobao.org/amdefine/download/amdefine-1.0.1.tgz#4a5282ac164729e93619bcfd3ad151f817ce91f5"

ansi-regex@2:
  version "2.1.1"
  resolved "http://registry.npm.taobao.org/ansi-regex/download/ansi-regex-2.1.1.tgz#c3b33ab5ee360d86e0e628f0468ae7ef27d654df"

array-flatten@1.1.1:
  version "1.1.1"
  resolved "http://registry.npm.taobao.org/array-flatten/download/array-flatten-1.1.1.tgz#9a5f699051b1e7073328f2a008968b64ea2955d2"

arraybuffer.slice@0.0.6:
  version "0.0.6"
  resolved "http://registry.npm.taobao.org/arraybuffer.slice/download/arraybuffer.slice-0.0.6.tgz#f33b2159f0532a3f3107a272c0ccfbd1ad2979ca"

asap@~2.0.3:
  version "2.0.6"
  resolved "http://registry.npm.taobao.org/asap/download/asap-2.0.6.tgz#e50347611d7e690943208bbdafebcbc2fb866d46"

backo2@1.0.2:
  version "1.0.2"
  resolved "http://registry.npm.taobao.org/backo2/download/backo2-1.0.2.tgz#31ab1ac8b129363463e35b3ebb69f4dfcfba7947"

base64-arraybuffer@0.1.5:
  version "0.1.5"
  resolved "http://registry.npm.taobao.org/base64-arraybuffer/download/base64-arraybuffer-0.1.5.tgz#73926771923b5a19747ad666aa5cd4bf9c6e9ce8"

base64id@1.0.0:
  version "1.0.0"
  resolved "http://registry.npm.taobao.org/base64id/download/base64id-1.0.0.tgz#47688cb99bb6804f0e06d3e763b1c32e57d8e6b6"

base64url@2.0.0, base64url@^2.0.0:
  version "2.0.0"
  resolved "http://registry.npm.taobao.org/base64url/download/base64url-2.0.0.tgz#eac16e03ea1438eff9423d69baa36262ed1f70bb"

better-assert@~1.0.0:
  version "1.0.2"
  resolved "http://registry.npm.taobao.org/better-assert/download/better-assert-1.0.2.tgz#40866b9e1b9e0b55b481894311e68faffaebc522"
  dependencies:
    callsite "1.0.0"

blob@0.0.4:
  version "0.0.4"
  resolved "http://registry.npm.taobao.org/blob/download/blob-0.0.4.tgz#bcf13052ca54463f30f9fc7e95b9a47630a94921"

body-parser@1.18.2, body-parser@^1.18.2:
  version "1.18.2"
  resolved "http://registry.npm.taobao.org/body-parser/download/body-parser-1.18.2.tgz#87678a19d84b47d859b83199bd59bce222b10454"
  dependencies:
    bytes "3.0.0"
    content-type "~1.0.4"
    debug "2.6.9"
    depd "~1.1.1"
    http-errors "~1.6.2"
    iconv-lite "0.4.19"
    on-finished "~2.3.0"
    qs "6.5.1"
    raw-body "2.3.2"
    type-is "~1.6.15"

buffer-equal-constant-time@1.0.1:
  version "1.0.1"
  resolved "http://registry.npm.taobao.org/buffer-equal-constant-time/download/buffer-equal-constant-time-1.0.1.tgz#f8e71132f7ffe6e01a5c9697a4c6f3e48d5cc819"

bytes@3.0.0:
  version "3.0.0"
  resolved "http://registry.npm.taobao.org/bytes/download/bytes-3.0.0.tgz#d32815404d689699f85a4ea4fa8755dd13a96048"

callsite@1.0.0:
  version "1.0.0"
  resolved "http://registry.npm.taobao.org/callsite/download/callsite-1.0.0.tgz#280398e5d664bd74038b6f0905153e6e8af1bc20"

camelcase@^1.0.2:
  version "1.2.1"
  resolved "http://registry.npm.taobao.org/camelcase/download/camelcase-1.2.1.tgz#9bb5304d2e0b56698b2c758b08a3eaa9daa58a39"

center-align@^0.1.1:
  version "0.1.3"
  resolved "http://registry.npm.taobao.org/center-align/download/center-align-0.1.3.tgz#aa0d32629b6ee972200411cbd4461c907bc2b7ad"
  dependencies:
    align-text "^0.1.3"
    lazy-cache "^1.0.3"

character-parser@^2.1.1:
  version "2.2.0"
  resolved "http://registry.npm.taobao.org/character-parser/download/character-parser-2.2.0.tgz#c7ce28f36d4bcd9744e5ffc2c5fcde1c73261fc0"
  dependencies:
    is-regex "^1.0.3"

class-transformer@^0.1.8:
  version "0.1.8"
  resolved "http://registry.npm.taobao.org/class-transformer/download/class-transformer-0.1.8.tgz#be04dd2afb7b301e4c8c79c5349fedaac3d5a7e1"

class-validator@^0.7.3:
  version "0.7.3"
  resolved "http://registry.npm.taobao.org/class-validator/download/class-validator-0.7.3.tgz#3c2821b8cf35fd8d5f4fcb8063bc57fb50049e7e"
  dependencies:
    validator "^7.0.0"

clean-css@^3.3.0:
  version "3.4.28"
  resolved "http://registry.npm.taobao.org/clean-css/download/clean-css-3.4.28.tgz#bf1945e82fc808f55695e6ddeaec01400efd03ff"
  dependencies:
    commander "2.8.x"
    source-map "0.4.x"

cli-color@1.1.0:
  version "1.1.0"
  resolved "http://registry.npm.taobao.org/cli-color/download/cli-color-1.1.0.tgz#de188cdc4929d83b67aea04110fbed40fdbf6775"
  dependencies:
    ansi-regex "2"
    d "^0.1.1"
    es5-ext "^0.10.8"
    es6-iterator "2"
    memoizee "^0.3.9"
    timers-ext "0.1"

cliui@^2.1.0:
  version "2.1.0"
  resolved "http://registry.npm.taobao.org/cliui/download/cliui-2.1.0.tgz#4b475760ff80264c762c3a1719032e91c7fea0d1"
  dependencies:
    center-align "^0.1.1"
    right-align "^0.1.1"
    wordwrap "0.0.2"

commander@2.8.x:
  version "2.8.1"
  resolved "http://registry.npm.taobao.org/commander/download/commander-2.8.1.tgz#06be367febfda0c330aa1e2a072d3dc9762425d4"
  dependencies:
    graceful-readlink ">= 1.0.0"

component-bind@1.0.0:
  version "1.0.0"
  resolved "http://registry.npm.taobao.org/component-bind/download/component-bind-1.0.0.tgz#00c608ab7dcd93897c0009651b1d3a8e1e73bbd1"

component-emitter@1.2.1:
  version "1.2.1"
  resolved "http://registry.npm.taobao.org/component-emitter/download/component-emitter-1.2.1.tgz#137918d6d78283f7df7a6b7c5a63e140e69425e6"

component-inherit@0.0.3:
  version "0.0.3"
  resolved "http://registry.npm.taobao.org/component-inherit/download/component-inherit-0.0.3.tgz#645fc4adf58b72b649d5cae65135619db26ff143"

connect-multiparty@^2.1.0:
  version "2.1.0"
  resolved "http://registry.npm.taobao.org/connect-multiparty/download/connect-multiparty-2.1.0.tgz#b562232ea638e13222d87e7b67be437f7ad89814"
  dependencies:
    multiparty "~4.1.3"
    on-finished "~2.3.0"
    qs "~6.5.1"
    type-is "~1.6.15"

constantinople@^3.0.1:
  version "3.1.0"
  resolved "http://registry.npm.taobao.org/constantinople/download/constantinople-3.1.0.tgz#7569caa8aa3f8d5935d62e1fa96f9f702cd81c79"
  dependencies:
    acorn "^3.1.0"
    is-expression "^2.0.1"

content-disposition@0.5.2:
  version "0.5.2"
  resolved "http://registry.npm.taobao.org/content-disposition/download/content-disposition-0.5.2.tgz#0cf68bb9ddf5f2be7961c3a85178cb85dba78cb4"

content-type@~1.0.4:
  version "1.0.4"
  resolved "http://registry.npm.taobao.org/content-type/download/content-type-1.0.4.tgz#e138cc75e040c727b1966fe5e5f8c9aee256fe3b"

cookie-signature@1.0.6:
  version "1.0.6"
  resolved "http://registry.npm.taobao.org/cookie-signature/download/cookie-signature-1.0.6.tgz#e303a882b342cc3ee8ca513a79999734dab3ae2c"

cookie@0.3.1:
  version "0.3.1"
  resolved "http://registry.npm.taobao.org/cookie/download/cookie-0.3.1.tgz#e7e0a1f9ef43b4c8ba925c5c5a96e806d16873bb"

d@1:
  version "1.0.0"
  resolved "http://registry.npm.taobao.org/d/download/d-1.0.0.tgz#754bb5bfe55451da69a58b94d45f4c5b0462d58f"
  dependencies:
    es5-ext "^0.10.9"

d@^0.1.1, d@~0.1.1:
  version "0.1.1"
  resolved "http://registry.npm.taobao.org/d/download/d-0.1.1.tgz#da184c535d18d8ee7ba2aa229b914009fae11309"
  dependencies:
    es5-ext "~0.10.2"

debug@2.6.9, debug@~2.6.4, debug@~2.6.6, debug@~2.6.9:
  version "2.6.9"
  resolved "http://registry.npm.taobao.org/debug/download/debug-2.6.9.tgz#5d128515df134ff327e90a4c93f4e077a536341f"
  dependencies:
    ms "2.0.0"

decamelize@^1.0.0:
  version "1.2.0"
  resolved "http://registry.npm.taobao.org/decamelize/download/decamelize-1.2.0.tgz#f6534d15148269b20352e7bee26f501f9a191290"

depd@1.1.1, depd@~1.1.1:
  version "1.1.1"
  resolved "http://registry.npm.taobao.org/depd/download/depd-1.1.1.tgz#5783b4e1c459f06fa5ca27f991f3d06e7a310359"

destroy@~1.0.4:
  version "1.0.4"
  resolved "http://registry.npm.taobao.org/destroy/download/destroy-1.0.4.tgz#978857442c44749e4206613e37946205826abd80"

doctypes@^1.1.0:
  version "1.1.0"
  resolved "http://registry.npm.taobao.org/doctypes/download/doctypes-1.1.0.tgz#ea80b106a87538774e8a3a4a5afe293de489e0a9"

double-ended-queue@^2.1.0-0:
  version "2.1.0-0"
  resolved "http://registry.npm.taobao.org/double-ended-queue/download/double-ended-queue-2.1.0-0.tgz#103d3527fd31528f40188130c841efdd78264e5c"

ecdsa-sig-formatter@1.0.9:
  version "1.0.9"
  resolved "http://registry.npm.taobao.org/ecdsa-sig-formatter/download/ecdsa-sig-formatter-1.0.9.tgz#4bc926274ec3b5abb5016e7e1d60921ac262b2a1"
  dependencies:
    base64url "^2.0.0"
    safe-buffer "^5.0.1"

ee-first@1.1.1:
  version "1.1.1"
  resolved "http://registry.npm.taobao.org/ee-first/download/ee-first-1.1.1.tgz#590c61156b0ae2f4f0255732a158b266bc56b21d"

encodeurl@~1.0.1:
  version "1.0.1"
  resolved "http://registry.npm.taobao.org/encodeurl/download/encodeurl-1.0.1.tgz#79e3d58655346909fe6f0f45a5de68103b294d20"

engine.io-client@~3.1.0:
  version "3.1.3"
  resolved "http://registry.npm.taobao.org/engine.io-client/download/engine.io-client-3.1.3.tgz#d705e48985dfe8b54a98c9f77052b8b08258be05"
  dependencies:
    component-emitter "1.2.1"
    component-inherit "0.0.3"
    debug "~2.6.9"
    engine.io-parser "~2.1.1"
    has-cors "1.1.0"
    indexof "0.0.1"
    parseqs "0.0.5"
    parseuri "0.0.5"
    ws "~2.3.1"
    xmlhttprequest-ssl "~1.5.4"
    yeast "0.1.2"

engine.io-parser@~2.1.0, engine.io-parser@~2.1.1:
  version "2.1.1"
  resolved "http://registry.npm.taobao.org/engine.io-parser/download/engine.io-parser-2.1.1.tgz#e0fb3f0e0462f7f58bb77c1a52e9f5a7e26e4668"
  dependencies:
    after "0.8.2"
    arraybuffer.slice "0.0.6"
    base64-arraybuffer "0.1.5"
    blob "0.0.4"
    has-binary2 "~1.0.2"

engine.io@~3.1.0:
  version "3.1.3"
  resolved "http://registry.npm.taobao.org/engine.io/download/engine.io-3.1.3.tgz#7aecf71bf8a310f9fa21461999c4fcc035f8a877"
  dependencies:
    accepts "1.3.3"
    base64id "1.0.0"
    cookie "0.3.1"
    debug "~2.6.9"
    engine.io-parser "~2.1.0"
    ws "~2.3.1"
  optionalDependencies:
    uws "~0.14.4"

es5-ext@^0.10.35, es5-ext@^0.10.8, es5-ext@^0.10.9, es5-ext@~0.10.11, es5-ext@~0.10.14, es5-ext@~0.10.2, es5-ext@~0.10.5, es5-ext@~0.10.6:
  version "0.10.35"
  resolved "http://registry.npm.taobao.org/es5-ext/download/es5-ext-0.10.35.tgz#18ee858ce6a3c45c7d79e91c15fcca9ec568494f"
  dependencies:
    es6-iterator "~2.0.1"
    es6-symbol "~3.1.1"

es6-iterator@2, es6-iterator@~2.0.1:
  version "2.0.3"
  resolved "http://registry.npm.taobao.org/es6-iterator/download/es6-iterator-2.0.3.tgz#a7de889141a05a94b0854403b2d0a0fbfa98f3b7"
  dependencies:
    d "1"
    es5-ext "^0.10.35"
    es6-symbol "^3.1.1"

es6-iterator@~0.1.3:
  version "0.1.3"
  resolved "http://registry.npm.taobao.org/es6-iterator/download/es6-iterator-0.1.3.tgz#d6f58b8c4fc413c249b4baa19768f8e4d7c8944e"
  dependencies:
    d "~0.1.1"
    es5-ext "~0.10.5"
    es6-symbol "~2.0.1"

es6-symbol@^3.1.1, es6-symbol@~3.1.1:
  version "3.1.1"
  resolved "http://registry.npm.taobao.org/es6-symbol/download/es6-symbol-3.1.1.tgz#bf00ef4fdab6ba1b46ecb7b629b4c7ed5715cc77"
  dependencies:
    d "1"
    es5-ext "~0.10.14"

es6-symbol@~2.0.1:
  version "2.0.1"
  resolved "http://registry.npm.taobao.org/es6-symbol/download/es6-symbol-2.0.1.tgz#761b5c67cfd4f1d18afb234f691d678682cb3bf3"
  dependencies:
    d "~0.1.1"
    es5-ext "~0.10.5"

es6-weak-map@~0.1.4:
  version "0.1.4"
  resolved "http://registry.npm.taobao.org/es6-weak-map/download/es6-weak-map-0.1.4.tgz#706cef9e99aa236ba7766c239c8b9e286ea7d228"
  dependencies:
    d "~0.1.1"
    es5-ext "~0.10.6"
    es6-iterator "~0.1.3"
    es6-symbol "~2.0.1"

escape-html@~1.0.3:
  version "1.0.3"
  resolved "http://registry.npm.taobao.org/escape-html/download/escape-html-1.0.3.tgz#0258eae4d3d0c0974de1c169188ef0051d1d1988"

etag@~1.8.1:
  version "1.8.1"
  resolved "http://registry.npm.taobao.org/etag/download/etag-1.8.1.tgz#41ae2eeb65efa62268aebfea83ac7d79299b0887"

event-emitter@~0.3.4:
  version "0.3.5"
  resolved "http://registry.npm.taobao.org/event-emitter/download/event-emitter-0.3.5.tgz#df8c69eef1647923c7157b9ce83840610b02cc39"
  dependencies:
    d "1"
    es5-ext "~0.10.14"

express@4.16.2:
  version "4.16.2"
  resolved "http://registry.npm.taobao.org/express/download/express-4.16.2.tgz#e35c6dfe2d64b7dca0a5cd4f21781be3299e076c"
  dependencies:
    accepts "~1.3.4"
    array-flatten "1.1.1"
    body-parser "1.18.2"
    content-disposition "0.5.2"
    content-type "~1.0.4"
    cookie "0.3.1"
    cookie-signature "1.0.6"
    debug "2.6.9"
    depd "~1.1.1"
    encodeurl "~1.0.1"
    escape-html "~1.0.3"
    etag "~1.8.1"
    finalhandler "1.1.0"
    fresh "0.5.2"
    merge-descriptors "1.0.1"
    methods "~1.1.2"
    on-finished "~2.3.0"
    parseurl "~1.3.2"
    path-to-regexp "0.1.7"
    proxy-addr "~2.0.2"
    qs "6.5.1"
    range-parser "~1.2.0"
    safe-buffer "5.1.1"
    send "0.16.1"
    serve-static "1.13.1"
    setprototypeof "1.1.0"
    statuses "~1.3.1"
    type-is "~1.6.15"
    utils-merge "1.0.1"
    vary "~1.1.2"

fd-slicer@~1.0.1:
  version "1.0.1"
  resolved "http://registry.npm.taobao.org/fd-slicer/download/fd-slicer-1.0.1.tgz#8b5bcbd9ec327c5041bf9ab023fd6750f1177e65"
  dependencies:
    pend "~1.2.0"

finalhandler@1.1.0:
  version "1.1.0"
  resolved "http://registry.npm.taobao.org/finalhandler/download/finalhandler-1.1.0.tgz#ce0b6855b45853e791b2fcc680046d88253dd7f5"
  dependencies:
    debug "2.6.9"
    encodeurl "~1.0.1"
    escape-html "~1.0.3"
    on-finished "~2.3.0"
    parseurl "~1.3.2"
    statuses "~1.3.1"
    unpipe "~1.0.0"

forwarded@~0.1.2:
  version "0.1.2"
  resolved "http://registry.npm.taobao.org/forwarded/download/forwarded-0.1.2.tgz#98c23dab1175657b8c0573e8ceccd91b0ff18c84"

fresh@0.5.2:
  version "0.5.2"
  resolved "http://registry.npm.taobao.org/fresh/download/fresh-0.5.2.tgz#3d8cadd90d976569fa835ab1f8e4b23a105605a7"

function-bind@^1.0.2:
  version "1.1.1"
  resolved "http://registry.npm.taobao.org/function-bind/download/function-bind-1.1.1.tgz#a56899d3ea3c9bab874bb9773b7c5ede92f4895d"

"graceful-readlink@>= 1.0.0":
  version "1.0.1"
  resolved "http://registry.npm.taobao.org/graceful-readlink/download/graceful-readlink-1.0.1.tgz#4cafad76bc62f02fa039b2f94e9a3dd3a391a725"

has-binary2@~1.0.2:
  version "1.0.2"
  resolved "http://registry.npm.taobao.org/has-binary2/download/has-binary2-1.0.2.tgz#e83dba49f0b9be4d026d27365350d9f03f54be98"
  dependencies:
    isarray "2.0.1"

has-cors@1.1.0:
  version "1.1.0"
  resolved "http://registry.npm.taobao.org/has-cors/download/has-cors-1.1.0.tgz#5e474793f7ea9843d1bb99c23eef49ff126fff39"

has@^1.0.1:
  version "1.0.1"
  resolved "http://registry.npm.taobao.org/has/download/has-1.0.1.tgz#8461733f538b0837c9361e39a9ab9e9704dc2f28"
  dependencies:
    function-bind "^1.0.2"

hoek@2.x.x:
  version "2.16.3"
  resolved "http://registry.npm.taobao.org/hoek/download/hoek-2.16.3.tgz#20bb7403d3cea398e91dc4710a8ff1b8274a25ed"

http-errors@1.6.2, http-errors@~1.6.2:
  version "1.6.2"
  resolved "http://registry.npm.taobao.org/http-errors/download/http-errors-1.6.2.tgz#0a002cc85707192a7e7946ceedc11155f60ec736"
  dependencies:
    depd "1.1.1"
    inherits "2.0.3"
    setprototypeof "1.0.3"
    statuses ">= 1.3.1 < 2"

iconv-lite@0.4.19:
  version "0.4.19"
  resolved "http://registry.npm.taobao.org/iconv-lite/download/iconv-lite-0.4.19.tgz#f7468f60135f5e5dad3399c0a81be9a1603a082b"

indexof@0.0.1:
  version "0.0.1"
  resolved "http://registry.npm.taobao.org/indexof/download/indexof-0.0.1.tgz#82dc336d232b9062179d05ab3293a66059fd435d"

inherits@2.0.3:
  version "2.0.3"
  resolved "http://registry.npm.taobao.org/inherits/download/inherits-2.0.3.tgz#633c2c83e3da42a502f52466022480f4208261de"

ipaddr.js@1.5.2:
  version "1.5.2"
  resolved "http://registry.npm.taobao.org/ipaddr.js/download/ipaddr.js-1.5.2.tgz#d4b505bde9946987ccf0fc58d9010ff9607e3fa0"

is-buffer@^1.1.5:
  version "1.1.6"
  resolved "http://registry.npm.taobao.org/is-buffer/download/is-buffer-1.1.6.tgz#efaa2ea9daa0d7ab2ea13a97b2b8ad51fefbe8be"

is-expression@^2.0.1:
  version "2.1.0"
  resolved "http://registry.npm.taobao.org/is-expression/download/is-expression-2.1.0.tgz#91be9d47debcfef077977e9722be6dcfb4465ef0"
  dependencies:
    acorn "~3.3.0"
    object-assign "^4.0.1"

is-expression@^3.0.0:
  version "3.0.0"
  resolved "http://registry.npm.taobao.org/is-expression/download/is-expression-3.0.0.tgz#39acaa6be7fd1f3471dc42c7416e61c24317ac9f"
  dependencies:
    acorn "~4.0.2"
    object-assign "^4.0.1"

is-promise@^2.0.0:
  version "2.1.0"
  resolved "http://registry.npm.taobao.org/is-promise/download/is-promise-2.1.0.tgz#79a2a9ece7f096e80f36d2b2f3bc16c1ff4bf3fa"

is-regex@^1.0.3:
  version "1.0.4"
  resolved "http://registry.npm.taobao.org/is-regex/download/is-regex-1.0.4.tgz#5517489b547091b0930e095654ced25ee97e9491"
  dependencies:
    has "^1.0.1"

isarray@2.0.1:
  version "2.0.1"
  resolved "http://registry.npm.taobao.org/isarray/download/isarray-2.0.1.tgz#a37d94ed9cda2d59865c9f76fe596ee1f338741e"

isemail@1.x.x:
  version "1.2.0"
  resolved "http://registry.npm.taobao.org/isemail/download/isemail-1.2.0.tgz#be03df8cc3e29de4d2c5df6501263f1fa4595e9a"

iterare@0.0.8:
  version "0.0.8"
  resolved "http://registry.npm.taobao.org/iterare/download/iterare-0.0.8.tgz#a969a80a1fbff6b78f28776594d7bc2bdfab6aad"

joi@^6.10.1:
  version "6.10.1"
  resolved "http://registry.npm.taobao.org/joi/download/joi-6.10.1.tgz#4d50c318079122000fe5f16af1ff8e1917b77e06"
  dependencies:
    hoek "2.x.x"
    isemail "1.x.x"
    moment "2.x.x"
    topo "1.x.x"

js-stringify@^1.0.1:
  version "1.0.2"
  resolved "http://registry.npm.taobao.org/js-stringify/download/js-stringify-1.0.2.tgz#1736fddfd9724f28a3682adc6230ae7e4e9679db"

json-socket@^0.2.1:
  version "0.2.1"
  resolved "http://registry.npm.taobao.org/json-socket/download/json-socket-0.2.1.tgz#26e7ed8cc131f17aa0136c32068f473b5dbefb22"

jsonwebtoken@^7.0.0:
  version "7.4.3"
  resolved "http://registry.npm.taobao.org/jsonwebtoken/download/jsonwebtoken-7.4.3.tgz#77f5021de058b605a1783fa1283e99812e645638"
  dependencies:
    joi "^6.10.1"
    jws "^3.1.4"
    lodash.once "^4.0.0"
    ms "^2.0.0"
    xtend "^4.0.1"

jsonwebtoken@^8.1.0:
  version "8.1.0"
  resolved "http://registry.npm.taobao.org/jsonwebtoken/download/jsonwebtoken-8.1.0.tgz#c6397cd2e5fd583d65c007a83dc7bb78e6982b83"
  dependencies:
    jws "^3.1.4"
    lodash.includes "^4.3.0"
    lodash.isboolean "^3.0.3"
    lodash.isinteger "^4.0.4"
    lodash.isnumber "^3.0.3"
    lodash.isplainobject "^4.0.6"
    lodash.isstring "^4.0.1"
    lodash.once "^4.0.0"
    ms "^2.0.0"
    xtend "^4.0.1"

jstransformer@1.0.0:
  version "1.0.0"
  resolved "http://registry.npm.taobao.org/jstransformer/download/jstransformer-1.0.0.tgz#ed8bf0921e2f3f1ed4d5c1a44f68709ed24722c3"
  dependencies:
    is-promise "^2.0.0"
    promise "^7.0.1"

jwa@^1.1.4:
  version "1.1.5"
  resolved "http://registry.npm.taobao.org/jwa/download/jwa-1.1.5.tgz#a0552ce0220742cd52e153774a32905c30e756e5"
  dependencies:
    base64url "2.0.0"
    buffer-equal-constant-time "1.0.1"
    ecdsa-sig-formatter "1.0.9"
    safe-buffer "^5.0.1"

jws@^3.1.4:
  version "3.1.4"
  resolved "http://registry.npm.taobao.org/jws/download/jws-3.1.4.tgz#f9e8b9338e8a847277d6444b1464f61880e050a2"
  dependencies:
    base64url "^2.0.0"
    jwa "^1.1.4"
    safe-buffer "^5.0.1"

kind-of@^3.0.2:
  version "3.2.2"
  resolved "http://registry.npm.taobao.org/kind-of/download/kind-of-3.2.2.tgz#31ea21a734bab9bbb0f32466d893aea51e4a3c64"
  dependencies:
    is-buffer "^1.1.5"

lazy-cache@^1.0.3:
  version "1.0.4"
  resolved "http://registry.npm.taobao.org/lazy-cache/download/lazy-cache-1.0.4.tgz#a1d78fc3a50474cb80845d3b3b6e1da49a446e8e"

lodash.includes@^4.3.0:
  version "4.3.0"
  resolved "http://registry.npm.taobao.org/lodash.includes/download/lodash.includes-4.3.0.tgz#60bb98a87cb923c68ca1e51325483314849f553f"

lodash.isboolean@^3.0.3:
  version "3.0.3"
  resolved "http://registry.npm.taobao.org/lodash.isboolean/download/lodash.isboolean-3.0.3.tgz#6c2e171db2a257cd96802fd43b01b20d5f5870f6"

lodash.isinteger@^4.0.4:
  version "4.0.4"
  resolved "http://registry.npm.taobao.org/lodash.isinteger/download/lodash.isinteger-4.0.4.tgz#619c0af3d03f8b04c31f5882840b77b11cd68343"

lodash.isnumber@^3.0.3:
  version "3.0.3"
  resolved "http://registry.npm.taobao.org/lodash.isnumber/download/lodash.isnumber-3.0.3.tgz#3ce76810c5928d03352301ac287317f11c0b1ffc"

lodash.isplainobject@^4.0.6:
  version "4.0.6"
  resolved "http://registry.npm.taobao.org/lodash.isplainobject/download/lodash.isplainobject-4.0.6.tgz#7c526a52d89b45c45cc690b88163be0497f550cb"

lodash.isstring@^4.0.1:
  version "4.0.1"
  resolved "http://registry.npm.taobao.org/lodash.isstring/download/lodash.isstring-4.0.1.tgz#d527dfb5456eca7cc9bb95d5daeaf88ba54a5451"

lodash.once@^4.0.0:
  version "4.1.1"
  resolved "http://registry.npm.taobao.org/lodash.once/download/lodash.once-4.1.1.tgz#0dd3971213c7c56df880977d504c88fb471a97ac"

longest@^1.0.1:
  version "1.0.1"
  resolved "http://registry.npm.taobao.org/longest/download/longest-1.0.1.tgz#30a0b2da38f73770e8294a0d22e6625ed77d0097"

lru-queue@0.1:
  version "0.1.0"
  resolved "http://registry.npm.taobao.org/lru-queue/download/lru-queue-0.1.0.tgz#2738bd9f0d3cf4f84490c5736c48699ac632cda3"
  dependencies:
    es5-ext "~0.10.2"

media-typer@0.3.0:
  version "0.3.0"
  resolved "http://registry.npm.taobao.org/media-typer/download/media-typer-0.3.0.tgz#8710d7af0aa626f8fffa1ce00168545263255748"

memoizee@^0.3.9:
  version "0.3.10"
  resolved "http://registry.npm.taobao.org/memoizee/download/memoizee-0.3.10.tgz#4eca0d8aed39ec9d017f4c5c2f2f6432f42e5c8f"
  dependencies:
    d "~0.1.1"
    es5-ext "~0.10.11"
    es6-weak-map "~0.1.4"
    event-emitter "~0.3.4"
    lru-queue "0.1"
    next-tick "~0.2.2"
    timers-ext "0.1"

merge-descriptors@1.0.1:
  version "1.0.1"
  resolved "http://registry.npm.taobao.org/merge-descriptors/download/merge-descriptors-1.0.1.tgz#b00aaa556dd8b44568150ec9d1b953f3f90cbb61"

methods@~1.1.2:
  version "1.1.2"
  resolved "http://registry.npm.taobao.org/methods/download/methods-1.1.2.tgz#5529a4d67654134edcc5266656835b0f851afcee"

mime-db@~1.30.0:
  version "1.30.0"
  resolved "http://registry.npm.taobao.org/mime-db/download/mime-db-1.30.0.tgz#74c643da2dd9d6a45399963465b26d5ca7d71f01"

mime-types@~2.1.11, mime-types@~2.1.15, mime-types@~2.1.16:
  version "2.1.17"
  resolved "http://registry.npm.taobao.org/mime-types/download/mime-types-2.1.17.tgz#09d7a393f03e995a79f8af857b70a9e0ab16557a"
  dependencies:
    mime-db "~1.30.0"

mime@1.4.1:
  version "1.4.1"
  resolved "http://registry.npm.taobao.org/mime/download/mime-1.4.1.tgz#121f9ebc49e3766f311a76e1fa1c8003c4b03aa6"

moment@2.x.x:
  version "2.19.2"
  resolved "http://registry.npm.taobao.org/moment/download/moment-2.19.2.tgz#8a7f774c95a64550b4c7ebd496683908f9419dbe"

moment@^2.19.1:
  version "2.19.1"
  resolved "http://registry.npm.taobao.org/moment/download/moment-2.19.1.tgz#56da1a2d1cbf01d38b7e1afc31c10bcfa1929167"

ms@2.0.0, ms@^2.0.0:
  version "2.0.0"
  resolved "http://registry.npm.taobao.org/ms/download/ms-2.0.0.tgz#5608aeadfc00be6c2901df5f9861788de0d597c8"

multiparty@~4.1.3:
  version "4.1.3"
  resolved "http://registry.npm.taobao.org/multiparty/download/multiparty-4.1.3.tgz#3c43c7fcb1896e17460436a9dd0b6ef1668e4f94"
  dependencies:
    fd-slicer "~1.0.1"

negotiator@0.6.1:
  version "0.6.1"
  resolved "http://registry.npm.taobao.org/negotiator/download/negotiator-0.6.1.tgz#2b327184e8992101177b28563fb5e7102acd0ca9"

next-tick@1:
  version "1.0.0"
  resolved "http://registry.npm.taobao.org/next-tick/download/next-tick-1.0.0.tgz#ca86d1fe8828169b0120208e3dc8424b9db8342c"

next-tick@~0.2.2:
  version "0.2.2"
  resolved "http://registry.npm.taobao.org/next-tick/download/next-tick-0.2.2.tgz#75da4a927ee5887e39065880065b7336413b310d"

object-assign@^4.0.1, object-assign@^4.1.0:
  version "4.1.1"
  resolved "http://registry.npm.taobao.org/object-assign/download/object-assign-4.1.1.tgz#2109adc7965887cfc05cbbd442cac8bfbb360863"

object-component@0.0.3:
  version "0.0.3"
  resolved "http://registry.npm.taobao.org/object-component/download/object-component-0.0.3.tgz#f0c69aa50efc95b866c186f400a33769cb2f1291"

on-finished@~2.3.0:
  version "2.3.0"
  resolved "http://registry.npm.taobao.org/on-finished/download/on-finished-2.3.0.tgz#20f1336481b083cd75337992a16971aa2d906947"
  dependencies:
    ee-first "1.1.1"

optional@0.1.4:
  version "0.1.4"
  resolved "http://registry.npm.taobao.org/optional/download/optional-0.1.4.tgz#cdb1a9bedc737d2025f690ceeb50e049444fd5b3"

parseqs@0.0.5:
  version "0.0.5"
  resolved "http://registry.npm.taobao.org/parseqs/download/parseqs-0.0.5.tgz#d5208a3738e46766e291ba2ea173684921a8b89d"
  dependencies:
    better-assert "~1.0.0"

parseuri@0.0.5:
  version "0.0.5"
  resolved "http://registry.npm.taobao.org/parseuri/download/parseuri-0.0.5.tgz#80204a50d4dbb779bfdc6ebe2778d90e4bce320a"
  dependencies:
    better-assert "~1.0.0"

parseurl@~1.3.2:
  version "1.3.2"
  resolved "http://registry.npm.taobao.org/parseurl/download/parseurl-1.3.2.tgz#fc289d4ed8993119460c156253262cdc8de65bf3"

passport-jwt@^3.0.1:
  version "3.0.1"
  resolved "http://registry.npm.taobao.org/passport-jwt/download/passport-jwt-3.0.1.tgz#e4f7276dad8bd251d43c6fc38883130b963272f6"
  dependencies:
    jsonwebtoken "^7.0.0"
    passport-strategy "^1.0.0"

passport-strategy@1.x.x, passport-strategy@^1.0.0:
  version "1.0.0"
  resolved "http://registry.npm.taobao.org/passport-strategy/download/passport-strategy-1.0.0.tgz#b5539aa8fc225a3d1ad179476ddf236b440f52e4"

passport@^0.4.0:
  version "0.4.0"
  resolved "http://registry.npm.taobao.org/passport/download/passport-0.4.0.tgz#c5095691347bd5ad3b5e180238c3914d16f05811"
  dependencies:
    passport-strategy "1.x.x"
    pause "0.0.1"

path-parse@^1.0.5:
  version "1.0.5"
  resolved "http://registry.npm.taobao.org/path-parse/download/path-parse-1.0.5.tgz#3c1adf871ea9cd6c9431b6ea2bd74a0ff055c4c1"

path-to-regexp@0.1.7:
  version "0.1.7"
  resolved "http://registry.npm.taobao.org/path-to-regexp/download/path-to-regexp-0.1.7.tgz#df604178005f522f15eb4490e7247a1bfaa67f8c"

pause@0.0.1:
  version "0.0.1"
  resolved "http://registry.npm.taobao.org/pause/download/pause-0.0.1.tgz#1d408b3fdb76923b9543d96fb4c9dfd535d9cb5d"

pend@~1.2.0:
  version "1.2.0"
  resolved "http://registry.npm.taobao.org/pend/download/pend-1.2.0.tgz#7a57eb550a6783f9115331fcf4663d5c8e007a50"

promise@^7.0.1:
  version "7.3.1"
  resolved "http://registry.npm.taobao.org/promise/download/promise-7.3.1.tgz#064b72602b18f90f29192b8b1bc418ffd1ebd3bf"
  dependencies:
    asap "~2.0.3"

proxy-addr@~2.0.2:
  version "2.0.2"
  resolved "http://registry.npm.taobao.org/proxy-addr/download/proxy-addr-2.0.2.tgz#6571504f47bb988ec8180253f85dd7e14952bdec"
  dependencies:
    forwarded "~0.1.2"
    ipaddr.js "1.5.2"

pug-attrs@^2.0.2:
  version "2.0.2"
  resolved "http://registry.npm.taobao.org/pug-attrs/download/pug-attrs-2.0.2.tgz#8be2b2225568ffa75d1b866982bff9f4111affcb"
  dependencies:
    constantinople "^3.0.1"
    js-stringify "^1.0.1"
    pug-runtime "^2.0.3"

pug-code-gen@^2.0.0:
  version "2.0.0"
  resolved "http://registry.npm.taobao.org/pug-code-gen/download/pug-code-gen-2.0.0.tgz#96aea39a9e62f1ec5d2b6a5b42a29d528c70b43d"
  dependencies:
    constantinople "^3.0.1"
    doctypes "^1.1.0"
    js-stringify "^1.0.1"
    pug-attrs "^2.0.2"
    pug-error "^1.3.2"
    pug-runtime "^2.0.3"
    void-elements "^2.0.1"
    with "^5.0.0"

pug-error@^1.3.2:
  version "1.3.2"
  resolved "http://registry.npm.taobao.org/pug-error/download/pug-error-1.3.2.tgz#53ae7d9d29bb03cf564493a026109f54c47f5f26"

pug-filters@^2.1.5:
  version "2.1.5"
  resolved "http://registry.npm.taobao.org/pug-filters/download/pug-filters-2.1.5.tgz#66bf6e80d97fbef829bab0aa35eddff33fc964f3"
  dependencies:
    clean-css "^3.3.0"
    constantinople "^3.0.1"
    jstransformer "1.0.0"
    pug-error "^1.3.2"
    pug-walk "^1.1.5"
    resolve "^1.1.6"
    uglify-js "^2.6.1"

pug-lexer@^3.1.0:
  version "3.1.0"
  resolved "http://registry.npm.taobao.org/pug-lexer/download/pug-lexer-3.1.0.tgz#fd087376d4a675b4f59f8fef422883434e9581a2"
  dependencies:
    character-parser "^2.1.1"
    is-expression "^3.0.0"
    pug-error "^1.3.2"

pug-linker@^3.0.3:
  version "3.0.3"
  resolved "http://registry.npm.taobao.org/pug-linker/download/pug-linker-3.0.3.tgz#25f59eb750237f0368e59c3379764229c0189c41"
  dependencies:
    pug-error "^1.3.2"
    pug-walk "^1.1.5"

pug-load@^2.0.9:
  version "2.0.9"
  resolved "http://registry.npm.taobao.org/pug-load/download/pug-load-2.0.9.tgz#ee217c914cc1d9324d44b86c32d1df241d36de7a"
  dependencies:
    object-assign "^4.1.0"
    pug-walk "^1.1.5"

pug-parser@^4.0.0:
  version "4.0.0"
  resolved "http://registry.npm.taobao.org/pug-parser/download/pug-parser-4.0.0.tgz#c9f52322e4eabe4bf5beeba64ed18373bb627801"
  dependencies:
    pug-error "^1.3.2"
    token-stream "0.0.1"

pug-runtime@^2.0.3:
  version "2.0.3"
  resolved "http://registry.npm.taobao.org/pug-runtime/download/pug-runtime-2.0.3.tgz#98162607b0fce9e254d427f33987a5aee7168bda"

pug-strip-comments@^1.0.2:
  version "1.0.2"
  resolved "http://registry.npm.taobao.org/pug-strip-comments/download/pug-strip-comments-1.0.2.tgz#d313afa01bcc374980e1399e23ebf2eb9bdc8513"
  dependencies:
    pug-error "^1.3.2"

pug-walk@^1.1.5:
  version "1.1.5"
  resolved "http://registry.npm.taobao.org/pug-walk/download/pug-walk-1.1.5.tgz#90e943acbcf7021e6454cf1b32245891cba6f851"

pug@^2.0.0-rc.4:
  version "2.0.0-rc.4"
  resolved "http://registry.npm.taobao.org/pug/download/pug-2.0.0-rc.4.tgz#b7b08f6599bd5302568042b7436984fb28c80a13"
  dependencies:
    pug-code-gen "^2.0.0"
    pug-filters "^2.1.5"
    pug-lexer "^3.1.0"
    pug-linker "^3.0.3"
    pug-load "^2.0.9"
    pug-parser "^4.0.0"
    pug-runtime "^2.0.3"
    pug-strip-comments "^1.0.2"

qs@6.5.1, qs@~6.5.1:
  version "6.5.1"
  resolved "http://registry.npm.taobao.org/qs/download/qs-6.5.1.tgz#349cdf6eef89ec45c12d7d5eb3fc0c870343a6d8"

range-parser@~1.2.0:
  version "1.2.0"
  resolved "http://registry.npm.taobao.org/range-parser/download/range-parser-1.2.0.tgz#f49be6b487894ddc40dcc94a322f611092e00d5e"

raw-body@2.3.2:
  version "2.3.2"
  resolved "http://registry.npm.taobao.org/raw-body/download/raw-body-2.3.2.tgz#bcd60c77d3eb93cde0050295c3f379389bc88f89"
  dependencies:
    bytes "3.0.0"
    http-errors "1.6.2"
    iconv-lite "0.4.19"
    unpipe "1.0.0"

redis-commands@^1.2.0:
  version "1.3.1"
  resolved "http://registry.npm.taobao.org/redis-commands/download/redis-commands-1.3.1.tgz#81d826f45fa9c8b2011f4cd7a0fe597d241d442b"

redis-parser@^2.6.0:
  version "2.6.0"
  resolved "http://registry.npm.taobao.org/redis-parser/download/redis-parser-2.6.0.tgz#52ed09dacac108f1a631c07e9b69941e7a19504b"

redis@^2.7.1:
  version "2.8.0"
  resolved "http://registry.npm.taobao.org/redis/download/redis-2.8.0.tgz#202288e3f58c49f6079d97af7a10e1303ae14b02"
  dependencies:
    double-ended-queue "^2.1.0-0"
    redis-commands "^1.2.0"
    redis-parser "^2.6.0"

reflect-metadata@^0.1.10:
  version "0.1.10"
  resolved "http://registry.npm.taobao.org/reflect-metadata/download/reflect-metadata-0.1.10.tgz#b4f83704416acad89988c9b15635d47e03b9344a"

repeat-string@^1.5.2:
  version "1.6.1"
  resolved "http://registry.npm.taobao.org/repeat-string/download/repeat-string-1.6.1.tgz#8dcae470e1c88abc2d600fff4a776286da75e637"

resolve@^1.1.6:
  version "1.5.0"
  resolved "http://registry.npm.taobao.org/resolve/download/resolve-1.5.0.tgz#1f09acce796c9a762579f31b2c1cc4c3cddf9f36"
  dependencies:
    path-parse "^1.0.5"

right-align@^0.1.1:
  version "0.1.3"
  resolved "http://registry.npm.taobao.org/right-align/download/right-align-0.1.3.tgz#61339b722fe6a3515689210d24e14c96148613ef"
  dependencies:
    align-text "^0.1.1"

rxjs@^5.5.2:
  version "5.5.2"
  resolved "http://registry.npm.taobao.org/rxjs/download/rxjs-5.5.2.tgz#28d403f0071121967f18ad665563255d54236ac3"
  dependencies:
    symbol-observable "^1.0.1"

safe-buffer@5.1.1, safe-buffer@^5.0.1:
  version "5.1.1"
  resolved "http://registry.npm.taobao.org/safe-buffer/download/safe-buffer-5.1.1.tgz#893312af69b2123def71f57889001671eeb2c853"

safe-buffer@~5.0.1:
  version "5.0.1"
  resolved "http://registry.npm.taobao.org/safe-buffer/download/safe-buffer-5.0.1.tgz#d263ca54696cd8a306b5ca6551e92de57918fbe7"

send@0.16.1:
  version "0.16.1"
  resolved "http://registry.npm.taobao.org/send/download/send-0.16.1.tgz#a70e1ca21d1382c11d0d9f6231deb281080d7ab3"
  dependencies:
    debug "2.6.9"
    depd "~1.1.1"
    destroy "~1.0.4"
    encodeurl "~1.0.1"
    escape-html "~1.0.3"
    etag "~1.8.1"
    fresh "0.5.2"
    http-errors "~1.6.2"
    mime "1.4.1"
    ms "2.0.0"
    on-finished "~2.3.0"
    range-parser "~1.2.0"
    statuses "~1.3.1"

serve-static@1.13.1:
  version "1.13.1"
  resolved "http://registry.npm.taobao.org/serve-static/download/serve-static-1.13.1.tgz#4c57d53404a761d8f2e7c1e8a18a47dbf278a719"
  dependencies:
    encodeurl "~1.0.1"
    escape-html "~1.0.3"
    parseurl "~1.3.2"
    send "0.16.1"

setprototypeof@1.0.3:
  version "1.0.3"
  resolved "http://registry.npm.taobao.org/setprototypeof/download/setprototypeof-1.0.3.tgz#66567e37043eeb4f04d91bd658c0cbefb55b8e04"

setprototypeof@1.1.0:
  version "1.1.0"
  resolved "http://registry.npm.taobao.org/setprototypeof/download/setprototypeof-1.1.0.tgz#d0bd85536887b6fe7c0d818cb962d9d91c54e656"

socket.io-adapter@~1.1.0:
  version "1.1.1"
  resolved "http://registry.npm.taobao.org/socket.io-adapter/download/socket.io-adapter-1.1.1.tgz#2a805e8a14d6372124dd9159ad4502f8cb07f06b"

socket.io-client@2.0.4:
  version "2.0.4"
  resolved "http://registry.npm.taobao.org/socket.io-client/download/socket.io-client-2.0.4.tgz#0918a552406dc5e540b380dcd97afc4a64332f8e"
  dependencies:
    backo2 "1.0.2"
    base64-arraybuffer "0.1.5"
    component-bind "1.0.0"
    component-emitter "1.2.1"
    debug "~2.6.4"
    engine.io-client "~3.1.0"
    has-cors "1.1.0"
    indexof "0.0.1"
    object-component "0.0.3"
    parseqs "0.0.5"
    parseuri "0.0.5"
    socket.io-parser "~3.1.1"
    to-array "0.1.4"

socket.io-parser@~3.1.1:
  version "3.1.2"
  resolved "http://registry.npm.taobao.org/socket.io-parser/download/socket.io-parser-3.1.2.tgz#dbc2282151fc4faebbe40aeedc0772eba619f7f2"
  dependencies:
    component-emitter "1.2.1"
    debug "~2.6.4"
    has-binary2 "~1.0.2"
    isarray "2.0.1"

socket.io@^2.0.3:
  version "2.0.4"
  resolved "http://registry.npm.taobao.org/socket.io/download/socket.io-2.0.4.tgz#c1a4590ceff87ecf13c72652f046f716b29e6014"
  dependencies:
    debug "~2.6.6"
    engine.io "~3.1.0"
    socket.io-adapter "~1.1.0"
    socket.io-client "2.0.4"
    socket.io-parser "~3.1.1"

source-map@0.4.x:
  version "0.4.4"
  resolved "http://registry.npm.taobao.org/source-map/download/source-map-0.4.4.tgz#eba4f5da9c0dc999de68032d8b4f76173652036b"
  dependencies:
    amdefine ">=0.0.4"

source-map@~0.5.1:
  version "0.5.7"
  resolved "http://registry.npm.taobao.org/source-map/download/source-map-0.5.7.tgz#8a039d2d1021d22d1ea14c80d8ea468ba2ef3fcc"

"statuses@>= 1.3.1 < 2":
  version "1.4.0"
  resolved "http://registry.npm.taobao.org/statuses/download/statuses-1.4.0.tgz#bb73d446da2796106efcc1b601a253d6c46bd087"

statuses@~1.3.1:
  version "1.3.1"
  resolved "http://registry.npm.taobao.org/statuses/download/statuses-1.3.1.tgz#faf51b9eb74aaef3b3acf4ad5f61abf24cb7b93e"

symbol-observable@^1.0.1:
  version "1.0.4"
  resolved "http://registry.npm.taobao.org/symbol-observable/download/symbol-observable-1.0.4.tgz#29bf615d4aa7121bdd898b22d4b3f9bc4e2aa03d"

timers-ext@0.1:
  version "0.1.2"
  resolved "http://registry.npm.taobao.org/timers-ext/download/timers-ext-0.1.2.tgz#61cc47a76c1abd3195f14527f978d58ae94c5204"
  dependencies:
    es5-ext "~0.10.14"
    next-tick "1"

to-array@0.1.4:
  version "0.1.4"
  resolved "http://registry.npm.taobao.org/to-array/download/to-array-0.1.4.tgz#17e6c11f73dd4f3d74cda7a4ff3238e9ad9bf890"

token-stream@0.0.1:
  version "0.0.1"
  resolved "http://registry.npm.taobao.org/token-stream/download/token-stream-0.0.1.tgz#ceeefc717a76c4316f126d0b9dbaa55d7e7df01a"

topo@1.x.x:
  version "1.1.0"
  resolved "http://registry.npm.taobao.org/topo/download/topo-1.1.0.tgz#e9d751615d1bb87dc865db182fa1ca0a5ef536d5"
  dependencies:
    hoek "2.x.x"

type-is@~1.6.15:
  version "1.6.15"
  resolved "http://registry.npm.taobao.org/type-is/download/type-is-1.6.15.tgz#cab10fb4909e441c82842eafe1ad646c81804410"
  dependencies:
    media-typer "0.3.0"
    mime-types "~2.1.15"

typescript@*, typescript@^2.6.1:
  version "2.6.1"
  resolved "http://registry.npm.taobao.org/typescript/download/typescript-2.6.1.tgz#ef39cdea27abac0b500242d6726ab90e0c846631"

uglify-js@^2.6.1:
  version "2.8.29"
  resolved "http://registry.npm.taobao.org/uglify-js/download/uglify-js-2.8.29.tgz#29c5733148057bb4e1f75df35b7a9cb72e6a59dd"
  dependencies:
    source-map "~0.5.1"
    yargs "~3.10.0"
  optionalDependencies:
    uglify-to-browserify "~1.0.0"

uglify-to-browserify@~1.0.0:
  version "1.0.2"
  resolved "http://registry.npm.taobao.org/uglify-to-browserify/download/uglify-to-browserify-1.0.2.tgz#6e0924d6bda6b5afe349e39a6d632850a0f882b7"

ultron@~1.1.0:
  version "1.1.0"
  resolved "http://registry.npm.taobao.org/ultron/download/ultron-1.1.0.tgz#b07a2e6a541a815fc6a34ccd4533baec307ca864"

unpipe@1.0.0, unpipe@~1.0.0:
  version "1.0.0"
  resolved "http://registry.npm.taobao.org/unpipe/download/unpipe-1.0.0.tgz#b2bf4ee8514aae6165b4817829d21b2ef49904ec"

utils-merge@1.0.1:
  version "1.0.1"
  resolved "http://registry.npm.taobao.org/utils-merge/download/utils-merge-1.0.1.tgz#9f95710f50a267947b2ccc124741c1028427e713"

uuid@^3.1.0:
  version "3.1.0"
  resolved "http://registry.npm.taobao.org/uuid/download/uuid-3.1.0.tgz#3dd3d3e790abc24d7b0d3a034ffababe28ebbc04"

uws@~0.14.4:
  version "0.14.5"
  resolved "http://registry.npm.taobao.org/uws/download/uws-0.14.5.tgz#67aaf33c46b2a587a5f6666d00f7691328f149dc"

validator@^7.0.0:
  version "7.2.0"
  resolved "http://registry.npm.taobao.org/validator/download/validator-7.2.0.tgz#a63dcbaba51d4350bf8df20988e0d5a54d711791"

vary@~1.1.2:
  version "1.1.2"
  resolved "http://registry.npm.taobao.org/vary/download/vary-1.1.2.tgz#2299f02c6ded30d4a5961b0b9f74524a18f634fc"

void-elements@^2.0.1:
  version "2.0.1"
  resolved "http://registry.npm.taobao.org/void-elements/download/void-elements-2.0.1.tgz#c066afb582bb1cb4128d60ea92392e94d5e9dbec"

window-size@0.1.0:
  version "0.1.0"
  resolved "http://registry.npm.taobao.org/window-size/download/window-size-0.1.0.tgz#5438cd2ea93b202efa3a19fe8887aee7c94f9c9d"

with@^5.0.0:
  version "5.1.1"
  resolved "http://registry.npm.taobao.org/with/download/with-5.1.1.tgz#fa4daa92daf32c4ea94ed453c81f04686b575dfe"
  dependencies:
    acorn "^3.1.0"
    acorn-globals "^3.0.0"

wordwrap@0.0.2:
  version "0.0.2"
  resolved "http://registry.npm.taobao.org/wordwrap/download/wordwrap-0.0.2.tgz#b79669bb42ecb409f83d583cad52ca17eaa1643f"

ws@~2.3.1:
  version "2.3.1"
  resolved "http://registry.npm.taobao.org/ws/download/ws-2.3.1.tgz#6b94b3e447cb6a363f785eaf94af6359e8e81c80"
  dependencies:
    safe-buffer "~5.0.1"
    ultron "~1.1.0"

xmlhttprequest-ssl@~1.5.4:
  version "1.5.4"
  resolved "http://registry.npm.taobao.org/xmlhttprequest-ssl/download/xmlhttprequest-ssl-1.5.4.tgz#04f560915724b389088715cc0ed7813e9677bf57"

xtend@^4.0.1:
  version "4.0.1"
  resolved "http://registry.npm.taobao.org/xtend/download/xtend-4.0.1.tgz#a5c6d532be656e23db820efb943a1f04998d63af"

yargs@~3.10.0:
  version "3.10.0"
  resolved "http://registry.npm.taobao.org/yargs/download/yargs-3.10.0.tgz#f7ee7bd857dd7c1d2d38c0e74efbd681d1431fd1"
  dependencies:
    camelcase "^1.0.2"
    cliui "^2.1.0"
    decamelize "^1.0.0"
    window-size "0.1.0"

yeast@0.1.2:
  version "0.1.2"
  resolved "http://registry.npm.taobao.org/yeast/download/yeast-0.1.2.tgz#008e06d8094320c372dbc2f8ed76a0ca6c8ac419"
